
Microsoft Visual Studio Solution File, Format Version 12.00
# Visual Studio 15
VisualStudioVersion = 15.0.28307.1022
MinimumVisualStudioVersion = 10.0.40219.1
Project("{9A19103F-16F7-4668-BE54-9A1E7A4F7556}") = "Account", "Account\Account.csproj", "{C2D3B293-173C-4093-A84D-5B82D0860159}"
EndProject
Global
	GlobalSection(SolutionConfigurationPlatforms) = preSolution
		Debug|Any CPU = Debug|Any CPU
		Release|Any CPU = Release|Any CPU
	EndGlobalSection
	GlobalSection(ProjectConfigurationPlatforms) = postSolution
		{C2D3B293-173C-4093-A84D-5B82D0860159}.Debug|Any CPU.ActiveCfg = Debug|Any CPU
		{C2D3B293-173C-4093-A84D-5B82D0860159}.Debug|Any CPU.Build.0 = Debug|Any CPU
		{C2D3B293-173C-4093-A84D-5B82D0860159}.Release|Any CPU.ActiveCfg = Release|Any CPU
		{C2D3B293-173C-4093-A84D-5B82D0860159}.Release|Any CPU.Build.0 = Release|Any CPU
	EndGlobalSection
	GlobalSection(SolutionProperties) = preSolution
		HideSolutionNode = FALSE
	EndGlobalSection
	GlobalSection(ExtensibilityGlobals) = postSolution
		SolutionGuid = {F2A71C40-1707-48FE-BCA6-7F0EF789B645}
	EndGlobalSection
EndGlobal
